
Microsoft Visual Studio Solution File, Format Version 12.00
# Visual Studio 15
VisualStudioVersion = 15.0.28307.421
MinimumVisualStudioVersion = 10.0.40219.1
Project("{FAE04EC0-301F-11D3-BF4B-00C04F79EFBC}") = "CarRentalApp", "CarRentalApp\CarRentalApp.csproj", "{2AC339DB-2BC7-4A28-B056-12B8EE63FBA0}"
EndProject
Global
	GlobalSection(SolutionConfigurationPlatforms) = preSolution
		Debug|Any CPU = Debug|Any CPU
		Release|Any CPU = Release|Any CPU
	EndGlobalSection
	GlobalSection(ProjectConfigurationPlatforms) = postSolution
		{2AC339DB-2BC7-4A28-B056-12B8EE63FBA0}.Debug|Any CPU.ActiveCfg = Debug|Any CPU
		{2AC339DB-2BC7-4A28-B056-12B8EE63FBA0}.Debug|Any CPU.Build.0 = Debug|Any CPU
		{2AC339DB-2BC7-4A28-B056-12B8EE63FBA0}.Release|Any CPU.ActiveCfg = Release|Any CPU
		{2AC339DB-2BC7-4A28-B056-12B8EE63FBA0}.Release|Any CPU.Build.0 = Release|Any CPU
	EndGlobalSection
	GlobalSection(SolutionProperties) = preSolution
		HideSolutionNode = FALSE
	EndGlobalSection
	GlobalSection(ExtensibilityGlobals) = postSolution
		SolutionGuid = {C7F7AE0E-5C89-41E6-B3EE-5303AA167848}
	EndGlobalSection
EndGlobal
